// !$*UTF8*$!
{
	archiveVersion = 1;
	classes = {
	};
	objectVersion = 46;
	objects = {

/* Begin PBXBuildFile section */
		106EBEEE1E399BE8001618F4 /* PopoverViewController.storyboard in Resources */ = {isa = PBXBuildFile; fileRef = 106EBEED1E399BE8001618F4 /* PopoverViewController.storyboard */; };
		106EBEF01E39A318001618F4 /* PopoverPresentationController.swift in Sources */ = {isa = PBXBuildFile; fileRef = 106EBEEF1E39A318001618F4 /* PopoverPresentationController.swift */; };
		106EBEF21E39CFDD001618F4 /* PopoverAnimator.swift in Sources */ = {isa = PBXBuildFile; fileRef = 106EBEF11E39CFDD001618F4 /* PopoverAnimator.swift */; };
		106EBEF51E39DFD1001618F4 /* QRCodeViewController.storyboard in Resources */ = {isa = PBXBuildFile; fileRef = 106EBEF41E39DFD1001618F4 /* QRCodeViewController.storyboard */; };
		106EBEF71E39E21C001618F4 /* QRCodeViewController.swift in Sources */ = {isa = PBXBuildFile; fileRef = 106EBEF61E39E21C001618F4 /* QRCodeViewController.swift */; };
		106EBEF91E3A4C47001618F4 /* QRCodeCardViewController.swift in Sources */ = {isa = PBXBuildFile; fileRef = 106EBEF81E3A4C47001618F4 /* QRCodeCardViewController.swift */; };
		10C112661E2D19C400951119 /* BasicTableViewController.swift in Sources */ = {isa = PBXBuildFile; fileRef = 10C112651E2D19C400951119 /* BasicTableViewController.swift */; };
		10C112681E2D260D00951119 /* VisitorView.swift in Sources */ = {isa = PBXBuildFile; fileRef = 10C112671E2D260D00951119 /* VisitorView.swift */; };
		10C1126A1E2D9B4100951119 /* UIView+AutoLayout.swift in Sources */ = {isa = PBXBuildFile; fileRef = 10C112691E2D9B4100951119 /* UIView+AutoLayout.swift */; };
		10C1126C1E2DEDCB00951119 /* UIBarButtonItem+Category.swift in Sources */ = {isa = PBXBuildFile; fileRef = 10C1126B1E2DEDCB00951119 /* UIBarButtonItem+Category.swift */; };
		10C1126E1E2DF1FD00951119 /* TitleButton.swift in Sources */ = {isa = PBXBuildFile; fileRef = 10C1126D1E2DF1FD00951119 /* TitleButton.swift */; };
		10FA3E4F1E2C852E00E15D94 /* AppDelegate.swift in Sources */ = {isa = PBXBuildFile; fileRef = 10FA3E4E1E2C852E00E15D94 /* AppDelegate.swift */; };
		10FA3E561E2C852E00E15D94 /* Assets.xcassets in Resources */ = {isa = PBXBuildFile; fileRef = 10FA3E551E2C852E00E15D94 /* Assets.xcassets */; };
		10FA3E641E2C852E00E15D94 /* TGWeiboTests.swift in Sources */ = {isa = PBXBuildFile; fileRef = 10FA3E631E2C852E00E15D94 /* TGWeiboTests.swift */; };
		10FA3E6F1E2C852E00E15D94 /* TGWeiboUITests.swift in Sources */ = {isa = PBXBuildFile; fileRef = 10FA3E6E1E2C852E00E15D94 /* TGWeiboUITests.swift */; };
		10FA3E851E2C90DC00E15D94 /* MainViewController.swift in Sources */ = {isa = PBXBuildFile; fileRef = 10FA3E841E2C90DC00E15D94 /* MainViewController.swift */; };
		10FA3E871E2C911C00E15D94 /* HomeTableViewController.swift in Sources */ = {isa = PBXBuildFile; fileRef = 10FA3E861E2C911C00E15D94 /* HomeTableViewController.swift */; };
		10FA3E891E2C91EB00E15D94 /* DiscoverTableViewController.swift in Sources */ = {isa = PBXBuildFile; fileRef = 10FA3E881E2C91EB00E15D94 /* DiscoverTableViewController.swift */; };
		10FA3E8B1E2C920F00E15D94 /* MeTableViewController.swift in Sources */ = {isa = PBXBuildFile; fileRef = 10FA3E8A1E2C920F00E15D94 /* MeTableViewController.swift */; };
		10FA3E8D1E2C923D00E15D94 /* MessageTableViewController.swift in Sources */ = {isa = PBXBuildFile; fileRef = 10FA3E8C1E2C923D00E15D94 /* MessageTableViewController.swift */; };
		10FA3E911E2CB16700E15D94 /* MainVCSettings.json in Resources */ = {isa = PBXBuildFile; fileRef = 10FA3E8F1E2CB16700E15D94 /* MainVCSettings.json */; };
		10FA3E921E2CB16700E15D94 /* NullViewController.swift in Sources */ = {isa = PBXBuildFile; fileRef = 10FA3E901E2CB16700E15D94 /* NullViewController.swift */; };
		3D7CCFA56FFE963E8D9777F7 /* Pods_TGWeibo.framework in Frameworks */ = {isa = PBXBuildFile; fileRef = 24EC4ACD581D73E53FDAAED6 /* Pods_TGWeibo.framework */; };
/* End PBXBuildFile section */

/* Begin PBXContainerItemProxy section */
		10FA3E601E2C852E00E15D94 /* PBXContainerItemProxy */ = {
			isa = PBXContainerItemProxy;
			containerPortal = 10FA3E431E2C852E00E15D94 /* Project object */;
			proxyType = 1;
			remoteGlobalIDString = 10FA3E4A1E2C852E00E15D94;
			remoteInfo = TGWeibo;
		};
		10FA3E6B1E2C852E00E15D94 /* PBXContainerItemProxy */ = {
			isa = PBXContainerItemProxy;
			containerPortal = 10FA3E431E2C852E00E15D94 /* Project object */;
			proxyType = 1;
			remoteGlobalIDString = 10FA3E4A1E2C852E00E15D94;
			remoteInfo = TGWeibo;
		};
/* End PBXContainerItemProxy section */

/* Begin PBXFileReference section */
		106EBEED1E399BE8001618F4 /* PopoverViewController.storyboard */ = {isa = PBXFileReference; fileEncoding = 4; lastKnownFileType = file.storyboard; path = PopoverViewController.storyboard; sourceTree = "<group>"; };
		106EBEEF1E39A318001618F4 /* PopoverPresentationController.swift */ = {isa = PBXFileReference; fileEncoding = 4; lastKnownFileType = sourcecode.swift; path = PopoverPresentationController.swift; sourceTree = "<group>"; };
		106EBEF11E39CFDD001618F4 /* PopoverAnimator.swift */ = {isa = PBXFileReference; fileEncoding = 4; lastKnownFileType = sourcecode.swift; path = PopoverAnimator.swift; sourceTree = "<group>"; };
		106EBEF41E39DFD1001618F4 /* QRCodeViewController.storyboard */ = {isa = PBXFileReference; fileEncoding = 4; lastKnownFileType = file.storyboard; path = QRCodeViewController.storyboard; sourceTree = "<group>"; };
		106EBEF61E39E21C001618F4 /* QRCodeViewController.swift */ = {isa = PBXFileReference; fileEncoding = 4; lastKnownFileType = sourcecode.swift; path = QRCodeViewController.swift; sourceTree = "<group>"; };
		106EBEF81E3A4C47001618F4 /* QRCodeCardViewController.swift */ = {isa = PBXFileReference; fileEncoding = 4; lastKnownFileType = sourcecode.swift; path = QRCodeCardViewController.swift; sourceTree = "<group>"; };
		10C112651E2D19C400951119 /* BasicTableViewController.swift */ = {isa = PBXFileReference; fileEncoding = 4; lastKnownFileType = sourcecode.swift; path = BasicTableViewController.swift; sourceTree = "<group>"; };
		10C112671E2D260D00951119 /* VisitorView.swift */ = {isa = PBXFileReference; fileEncoding = 4; lastKnownFileType = sourcecode.swift; path = VisitorView.swift; sourceTree = "<group>"; };
		10C112691E2D9B4100951119 /* UIView+AutoLayout.swift */ = {isa = PBXFileReference; fileEncoding = 4; lastKnownFileType = sourcecode.swift; name = "UIView+AutoLayout.swift"; path = "../../UIView+AutoLayout.swift"; sourceTree = "<group>"; };
		10C1126B1E2DEDCB00951119 /* UIBarButtonItem+Category.swift */ = {isa = PBXFileReference; fileEncoding = 4; lastKnownFileType = sourcecode.swift; path = "UIBarButtonItem+Category.swift"; sourceTree = "<group>"; };
		10C1126D1E2DF1FD00951119 /* TitleButton.swift */ = {isa = PBXFileReference; fileEncoding = 4; lastKnownFileType = sourcecode.swift; path = TitleButton.swift; sourceTree = "<group>"; };
		10FA3E4B1E2C852E00E15D94 /* TGWeibo.app */ = {isa = PBXFileReference; explicitFileType = wrapper.application; includeInIndex = 0; path = TGWeibo.app; sourceTree = BUILT_PRODUCTS_DIR; };
		10FA3E4E1E2C852E00E15D94 /* AppDelegate.swift */ = {isa = PBXFileReference; lastKnownFileType = sourcecode.swift; path = AppDelegate.swift; sourceTree = "<group>"; };
		10FA3E551E2C852E00E15D94 /* Assets.xcassets */ = {isa = PBXFileReference; lastKnownFileType = folder.assetcatalog; path = Assets.xcassets; sourceTree = "<group>"; };
		10FA3E5A1E2C852E00E15D94 /* Info.plist */ = {isa = PBXFileReference; lastKnownFileType = text.plist.xml; path = Info.plist; sourceTree = "<group>"; };
		10FA3E5F1E2C852E00E15D94 /* TGWeiboTests.xctest */ = {isa = PBXFileReference; explicitFileType = wrapper.cfbundle; includeInIndex = 0; path = TGWeiboTests.xctest; sourceTree = BUILT_PRODUCTS_DIR; };
		10FA3E631E2C852E00E15D94 /* TGWeiboTests.swift */ = {isa = PBXFileReference; lastKnownFileType = sourcecode.swift; path = TGWeiboTests.swift; sourceTree = "<group>"; };
		10FA3E651E2C852E00E15D94 /* Info.plist */ = {isa = PBXFileReference; lastKnownFileType = text.plist.xml; path = Info.plist; sourceTree = "<group>"; };
		10FA3E6A1E2C852E00E15D94 /* TGWeiboUITests.xctest */ = {isa = PBXFileReference; explicitFileType = wrapper.cfbundle; includeInIndex = 0; path = TGWeiboUITests.xctest; sourceTree = BUILT_PRODUCTS_DIR; };
		10FA3E6E1E2C852E00E15D94 /* TGWeiboUITests.swift */ = {isa = PBXFileReference; lastKnownFileType = sourcecode.swift; path = TGWeiboUITests.swift; sourceTree = "<group>"; };
		10FA3E701E2C852E00E15D94 /* Info.plist */ = {isa = PBXFileReference; lastKnownFileType = text.plist.xml; path = Info.plist; sourceTree = "<group>"; };
		10FA3E841E2C90DC00E15D94 /* MainViewController.swift */ = {isa = PBXFileReference; fileEncoding = 4; lastKnownFileType = sourcecode.swift; path = MainViewController.swift; sourceTree = "<group>"; };
		10FA3E861E2C911C00E15D94 /* HomeTableViewController.swift */ = {isa = PBXFileReference; fileEncoding = 4; lastKnownFileType = sourcecode.swift; path = HomeTableViewController.swift; sourceTree = "<group>"; };
		10FA3E881E2C91EB00E15D94 /* DiscoverTableViewController.swift */ = {isa = PBXFileReference; fileEncoding = 4; lastKnownFileType = sourcecode.swift; path = DiscoverTableViewController.swift; sourceTree = "<group>"; };
		10FA3E8A1E2C920F00E15D94 /* MeTableViewController.swift */ = {isa = PBXFileReference; fileEncoding = 4; lastKnownFileType = sourcecode.swift; path = MeTableViewController.swift; sourceTree = "<group>"; };
		10FA3E8C1E2C923D00E15D94 /* MessageTableViewController.swift */ = {isa = PBXFileReference; fileEncoding = 4; lastKnownFileType = sourcecode.swift; path = MessageTableViewController.swift; sourceTree = "<group>"; };
		10FA3E8F1E2CB16700E15D94 /* MainVCSettings.json */ = {isa = PBXFileReference; fileEncoding = 4; lastKnownFileType = text.json; path = MainVCSettings.json; sourceTree = "<group>"; };
		10FA3E901E2CB16700E15D94 /* NullViewController.swift */ = {isa = PBXFileReference; fileEncoding = 4; lastKnownFileType = sourcecode.swift; path = NullViewController.swift; sourceTree = "<group>"; };
		24EC4ACD581D73E53FDAAED6 /* Pods_TGWeibo.framework */ = {isa = PBXFileReference; explicitFileType = wrapper.framework; includeInIndex = 0; path = Pods_TGWeibo.framework; sourceTree = BUILT_PRODUCTS_DIR; };
		B8B3CB63B53E9E05521B496E /* Pods-TGWeibo.debug.xcconfig */ = {isa = PBXFileReference; includeInIndex = 1; lastKnownFileType = text.xcconfig; name = "Pods-TGWeibo.debug.xcconfig"; path = "Pods/Target Support Files/Pods-TGWeibo/Pods-TGWeibo.debug.xcconfig"; sourceTree = "<group>"; };
		F58F3DA7B82F36BE0B12A63D /* Pods-TGWeibo.release.xcconfig */ = {isa = PBXFileReference; includeInIndex = 1; lastKnownFileType = text.xcconfig; name = "Pods-TGWeibo.release.xcconfig"; path = "Pods/Target Support Files/Pods-TGWeibo/Pods-TGWeibo.release.xcconfig"; sourceTree = "<group>"; };
/* End PBXFileReference section */

/* Begin PBXFrameworksBuildPhase section */
		10FA3E481E2C852E00E15D94 /* Frameworks */ = {
			isa = PBXFrameworksBuildPhase;
			buildActionMask = 2147483647;
			files = (
				3D7CCFA56FFE963E8D9777F7 /* Pods_TGWeibo.framework in Frameworks */,
			);
			runOnlyForDeploymentPostprocessing = 0;
		};
		10FA3E5C1E2C852E00E15D94 /* Frameworks */ = {
			isa = PBXFrameworksBuildPhase;
			buildActionMask = 2147483647;
			files = (
			);
			runOnlyForDeploymentPostprocessing = 0;
		};
		10FA3E671E2C852E00E15D94 /* Frameworks */ = {
			isa = PBXFrameworksBuildPhase;
			buildActionMask = 2147483647;
			files = (
			);
			runOnlyForDeploymentPostprocessing = 0;
		};
/* End PBXFrameworksBuildPhase section */

/* Begin PBXGroup section */
		106EBEEC1E399BC1001618F4 /* Popover */ = {
			isa = PBXGroup;
			children = (
				106EBEED1E399BE8001618F4 /* PopoverViewController.storyboard */,
				106EBEEF1E39A318001618F4 /* PopoverPresentationController.swift */,
				106EBEF11E39CFDD001618F4 /* PopoverAnimator.swift */,
			);
			path = Popover;
			sourceTree = "<group>";
		};
		106EBEF31E39DF87001618F4 /* QRCode */ = {
			isa = PBXGroup;
			children = (
				106EBEF41E39DFD1001618F4 /* QRCodeViewController.storyboard */,
				106EBEF61E39E21C001618F4 /* QRCodeViewController.swift */,
				106EBEF81E3A4C47001618F4 /* QRCodeCardViewController.swift */,
			);
			name = QRCode;
			path = Popover/QRCode;
			sourceTree = "<group>";
		};
		10FA3E421E2C852E00E15D94 = {
			isa = PBXGroup;
			children = (
				10FA3E4D1E2C852E00E15D94 /* TGWeibo */,
				10FA3E621E2C852E00E15D94 /* TGWeiboTests */,
				10FA3E6D1E2C852E00E15D94 /* TGWeiboUITests */,
				10FA3E4C1E2C852E00E15D94 /* Products */,
				D6AFC665F91BC93728A7DF65 /* Pods */,
				3ECFD40364A14C95A5020F1D /* Frameworks */,
			);
			sourceTree = "<group>";
		};
		10FA3E4C1E2C852E00E15D94 /* Products */ = {
			isa = PBXGroup;
			children = (
				10FA3E4B1E2C852E00E15D94 /* TGWeibo.app */,
				10FA3E5F1E2C852E00E15D94 /* TGWeiboTests.xctest */,
				10FA3E6A1E2C852E00E15D94 /* TGWeiboUITests.xctest */,
			);
			name = Products;
			sourceTree = "<group>";
		};
		10FA3E4D1E2C852E00E15D94 /* TGWeibo */ = {
			isa = PBXGroup;
			children = (
				10FA3E7C1E2C902F00E15D94 /* Classes */,
				10FA3E4E1E2C852E00E15D94 /* AppDelegate.swift */,
				10FA3E551E2C852E00E15D94 /* Assets.xcassets */,
				10FA3E5A1E2C852E00E15D94 /* Info.plist */,
			);
			path = TGWeibo;
			sourceTree = "<group>";
		};
		10FA3E621E2C852E00E15D94 /* TGWeiboTests */ = {
			isa = PBXGroup;
			children = (
				10FA3E631E2C852E00E15D94 /* TGWeiboTests.swift */,
				10FA3E651E2C852E00E15D94 /* Info.plist */,
			);
			path = TGWeiboTests;
			sourceTree = "<group>";
		};
		10FA3E6D1E2C852E00E15D94 /* TGWeiboUITests */ = {
			isa = PBXGroup;
			children = (
				10FA3E6E1E2C852E00E15D94 /* TGWeiboUITests.swift */,
				10FA3E701E2C852E00E15D94 /* Info.plist */,
			);
			path = TGWeiboUITests;
			sourceTree = "<group>";
		};
		10FA3E7C1E2C902F00E15D94 /* Classes */ = {
			isa = PBXGroup;
			children = (
				10FA3E7D1E2C902F00E15D94 /* Common */,
				10FA3E7E1E2C902F00E15D94 /* Discover */,
				10FA3E7F1E2C902F00E15D94 /* Home */,
				10FA3E801E2C902F00E15D94 /* Main */,
				10FA3E811E2C902F00E15D94 /* Me */,
				10FA3E821E2C902F00E15D94 /* Message */,
				10FA3E831E2C902F00E15D94 /* Tools */,
			);
			path = Classes;
			sourceTree = "<group>";
		};
		10FA3E7D1E2C902F00E15D94 /* Common */ = {
			isa = PBXGroup;
			children = (
				10C1126B1E2DEDCB00951119 /* UIBarButtonItem+Category.swift */,
				10C1126D1E2DF1FD00951119 /* TitleButton.swift */,
			);
			path = Common;
			sourceTree = "<group>";
		};
		10FA3E7E1E2C902F00E15D94 /* Discover */ = {
			isa = PBXGroup;
			children = (
				10FA3E881E2C91EB00E15D94 /* DiscoverTableViewController.swift */,
			);
			path = Discover;
			sourceTree = "<group>";
		};
		10FA3E7F1E2C902F00E15D94 /* Home */ = {
			isa = PBXGroup;
			children = (
				106EBEEC1E399BC1001618F4 /* Popover */,
				106EBEF31E39DF87001618F4 /* QRCode */,
				10FA3E861E2C911C00E15D94 /* HomeTableViewController.swift */,
			);
			path = Home;
			sourceTree = "<group>";
		};
		10FA3E801E2C902F00E15D94 /* Main */ = {
			isa = PBXGroup;
			children = (
				10FA3E8E1E2CB16700E15D94 /* Resource */,
				10FA3E841E2C90DC00E15D94 /* MainViewController.swift */,
				10C112651E2D19C400951119 /* BasicTableViewController.swift */,
				10C112671E2D260D00951119 /* VisitorView.swift */,
			);
			path = Main;
			sourceTree = "<group>";
		};
		10FA3E811E2C902F00E15D94 /* Me */ = {
			isa = PBXGroup;
			children = (
				10FA3E8A1E2C920F00E15D94 /* MeTableViewController.swift */,
			);
			path = Me;
			sourceTree = "<group>";
		};
		10FA3E821E2C902F00E15D94 /* Message */ = {
			isa = PBXGroup;
			children = (
				10FA3E8C1E2C923D00E15D94 /* MessageTableViewController.swift */,
			);
			path = Message;
			sourceTree = "<group>";
		};
		10FA3E831E2C902F00E15D94 /* Tools */ = {
			isa = PBXGroup;
			children = (
				10C112691E2D9B4100951119 /* UIView+AutoLayout.swift */,
			);
			path = Tools;
			sourceTree = "<group>";
		};
		10FA3E8E1E2CB16700E15D94 /* Resource */ = {
			isa = PBXGroup;
			children = (
				10FA3E8F1E2CB16700E15D94 /* MainVCSettings.json */,
				10FA3E901E2CB16700E15D94 /* NullViewController.swift */,
			);
			path = Resource;
			sourceTree = "<group>";
		};
		3ECFD40364A14C95A5020F1D /* Frameworks */ = {
			isa = PBXGroup;
			children = (
				24EC4ACD581D73E53FDAAED6 /* Pods_TGWeibo.framework */,
			);
			name = Frameworks;
			sourceTree = "<group>";
		};
		D6AFC665F91BC93728A7DF65 /* Pods */ = {
			isa = PBXGroup;
			children = (
				B8B3CB63B53E9E05521B496E /* Pods-TGWeibo.debug.xcconfig */,
				F58F3DA7B82F36BE0B12A63D /* Pods-TGWeibo.release.xcconfig */,
			);
			name = Pods;
			sourceTree = "<group>";
		};
/* End PBXGroup section */

/* Begin PBXNativeTarget section */
		10FA3E4A1E2C852E00E15D94 /* TGWeibo */ = {
			isa = PBXNativeTarget;
			buildConfigurationList = 10FA3E731E2C852E00E15D94 /* Build configuration list for PBXNativeTarget "TGWeibo" */;
			buildPhases = (
				ECBE3DA0642FE32472A918D9 /* [CP] Check Pods Manifest.lock */,
				10FA3E471E2C852E00E15D94 /* Sources */,
				10FA3E481E2C852E00E15D94 /* Frameworks */,
				10FA3E491E2C852E00E15D94 /* Resources */,
				3B509BC67FC664237EFCF063 /* [CP] Embed Pods Frameworks */,
				66CC1B907431BBB3166F0386 /* [CP] Copy Pods Resources */,
			);
			buildRules = (
			);
			dependencies = (
			);
			name = TGWeibo;
			productName = TGWeibo;
			productReference = 10FA3E4B1E2C852E00E15D94 /* TGWeibo.app */;
			productType = "com.apple.product-type.application";
		};
		10FA3E5E1E2C852E00E15D94 /* TGWeiboTests */ = {
			isa = PBXNativeTarget;
			buildConfigurationList = 10FA3E761E2C852E00E15D94 /* Build configuration list for PBXNativeTarget "TGWeiboTests" */;
			buildPhases = (
				10FA3E5B1E2C852E00E15D94 /* Sources */,
				10FA3E5C1E2C852E00E15D94 /* Frameworks */,
				10FA3E5D1E2C852E00E15D94 /* Resources */,
			);
			buildRules = (
			);
			dependencies = (
				10FA3E611E2C852E00E15D94 /* PBXTargetDependency */,
			);
			name = TGWeiboTests;
			productName = TGWeiboTests;
			productReference = 10FA3E5F1E2C852E00E15D94 /* TGWeiboTests.xctest */;
			productType = "com.apple.product-type.bundle.unit-test";
		};
		10FA3E691E2C852E00E15D94 /* TGWeiboUITests */ = {
			isa = PBXNativeTarget;
			buildConfigurationList = 10FA3E791E2C852E00E15D94 /* Build configuration list for PBXNativeTarget "TGWeiboUITests" */;
			buildPhases = (
				10FA3E661E2C852E00E15D94 /* Sources */,
				10FA3E671E2C852E00E15D94 /* Frameworks */,
				10FA3E681E2C852E00E15D94 /* Resources */,
			);
			buildRules = (
			);
			dependencies = (
				10FA3E6C1E2C852E00E15D94 /* PBXTargetDependency */,
			);
			name = TGWeiboUITests;
			productName = TGWeiboUITests;
			productReference = 10FA3E6A1E2C852E00E15D94 /* TGWeiboUITests.xctest */;
			productType = "com.apple.product-type.bundle.ui-testing";
		};
/* End PBXNativeTarget section */

/* Begin PBXProject section */
		10FA3E431E2C852E00E15D94 /* Project object */ = {
			isa = PBXProject;
			attributes = {
				LastSwiftUpdateCheck = 0730;
				LastUpgradeCheck = 0730;
				ORGANIZATIONNAME = "Theodore Guo";
				TargetAttributes = {
					10FA3E4A1E2C852E00E15D94 = {
						CreatedOnToolsVersion = 7.3.1;
					};
					10FA3E5E1E2C852E00E15D94 = {
						CreatedOnToolsVersion = 7.3.1;
						TestTargetID = 10FA3E4A1E2C852E00E15D94;
					};
					10FA3E691E2C852E00E15D94 = {
						CreatedOnToolsVersion = 7.3.1;
						TestTargetID = 10FA3E4A1E2C852E00E15D94;
					};
				};
			};
			buildConfigurationList = 10FA3E461E2C852E00E15D94 /* Build configuration list for PBXProject "TGWeibo" */;
			compatibilityVersion = "Xcode 3.2";
			developmentRegion = English;
			hasScannedForEncodings = 0;
			knownRegions = (
				en,
				Base,
			);
			mainGroup = 10FA3E421E2C852E00E15D94;
			productRefGroup = 10FA3E4C1E2C852E00E15D94 /* Products */;
			projectDirPath = "";
			projectRoot = "";
			targets = (
				10FA3E4A1E2C852E00E15D94 /* TGWeibo */,
				10FA3E5E1E2C852E00E15D94 /* TGWeiboTests */,
				10FA3E691E2C852E00E15D94 /* TGWeiboUITests */,
			);
		};
/* End PBXProject section */

/* Begin PBXResourcesBuildPhase section */
		10FA3E491E2C852E00E15D94 /* Resources */ = {
			isa = PBXResourcesBuildPhase;
			buildActionMask = 2147483647;
			files = (
				106EBEEE1E399BE8001618F4 /* PopoverViewController.storyboard in Resources */,
				10FA3E911E2CB16700E15D94 /* MainVCSettings.json in Resources */,
				10FA3E561E2C852E00E15D94 /* Assets.xcassets in Resources */,
				106EBEF51E39DFD1001618F4 /* QRCodeViewController.storyboard in Resources */,
			);
			runOnlyForDeploymentPostprocessing = 0;
		};
		10FA3E5D1E2C852E00E15D94 /* Resources */ = {
			isa = PBXResourcesBuildPhase;
			buildActionMask = 2147483647;
			files = (
			);
			runOnlyForDeploymentPostprocessing = 0;
		};
		10FA3E681E2C852E00E15D94 /* Resources */ = {
			isa = PBXResourcesBuildPhase;
			buildActionMask = 2147483647;
			files = (
			);
			runOnlyForDeploymentPostprocessing = 0;
		};
/* End PBXResourcesBuildPhase section */

/* Begin PBXShellScriptBuildPhase section */
		3B509BC67FC664237EFCF063 /* [CP] Embed Pods Frameworks */ = {
			isa = PBXShellScriptBuildPhase;
			buildActionMask = 2147483647;
			files = (
			);
			inputPaths = (
			);
			name = "[CP] Embed Pods Frameworks";
			outputPaths = (
			);
			runOnlyForDeploymentPostprocessing = 0;
			shellPath = /bin/sh;
			shellScript = "\"${SRCROOT}/Pods/Target Support Files/Pods-TGWeibo/Pods-TGWeibo-frameworks.sh\"\n";
			showEnvVarsInLog = 0;
		};
		66CC1B907431BBB3166F0386 /* [CP] Copy Pods Resources */ = {
			isa = PBXShellScriptBuildPhase;
			buildActionMask = 2147483647;
			files = (
			);
			inputPaths = (
			);
			name = "[CP] Copy Pods Resources";
			outputPaths = (
			);
			runOnlyForDeploymentPostprocessing = 0;
			shellPath = /bin/sh;
			shellScript = "\"${SRCROOT}/Pods/Target Support Files/Pods-TGWeibo/Pods-TGWeibo-resources.sh\"\n";
			showEnvVarsInLog = 0;
		};
		ECBE3DA0642FE32472A918D9 /* [CP] Check Pods Manifest.lock */ = {
			isa = PBXShellScriptBuildPhase;
			buildActionMask = 2147483647;
			files = (
			);
			inputPaths = (
			);
			name = "[CP] Check Pods Manifest.lock";
			outputPaths = (
			);
			runOnlyForDeploymentPostprocessing = 0;
			shellPath = /bin/sh;
			shellScript = "diff \"${PODS_ROOT}/../Podfile.lock\" \"${PODS_ROOT}/Manifest.lock\" > /dev/null\nif [ $? != 0 ] ; then\n    # print error to STDERR\n    echo \"error: The sandbox is not in sync with the Podfile.lock. Run 'pod install' or update your CocoaPods installation.\" >&2\n    exit 1\nfi\n";
			showEnvVarsInLog = 0;
		};
/* End PBXShellScriptBuildPhase section */

/* Begin PBXSourcesBuildPhase section */
		10FA3E471E2C852E00E15D94 /* Sources */ = {
			isa = PBXSourcesBuildPhase;
			buildActionMask = 2147483647;
			files = (
				106EBEF91E3A4C47001618F4 /* QRCodeCardViewController.swift in Sources */,
				106EBEF01E39A318001618F4 /* PopoverPresentationController.swift in Sources */,
				10FA3E871E2C911C00E15D94 /* HomeTableViewController.swift in Sources */,
				10C112681E2D260D00951119 /* VisitorView.swift in Sources */,
				10FA3E851E2C90DC00E15D94 /* MainViewController.swift in Sources */,
				10C112661E2D19C400951119 /* BasicTableViewController.swift in Sources */,
				10FA3E891E2C91EB00E15D94 /* DiscoverTableViewController.swift in Sources */,
				10C1126C1E2DEDCB00951119 /* UIBarButtonItem+Category.swift in Sources */,
				10C1126A1E2D9B4100951119 /* UIView+AutoLayout.swift in Sources */,
				106EBEF21E39CFDD001618F4 /* PopoverAnimator.swift in Sources */,
				106EBEF71E39E21C001618F4 /* QRCodeViewController.swift in Sources */,
				10FA3E4F1E2C852E00E15D94 /* AppDelegate.swift in Sources */,
				10FA3E8B1E2C920F00E15D94 /* MeTableViewController.swift in Sources */,
				10FA3E8D1E2C923D00E15D94 /* MessageTableViewController.swift in Sources */,
				10C1126E1E2DF1FD00951119 /* TitleButton.swift in Sources */,
				10FA3E921E2CB16700E15D94 /* NullViewController.swift in Sources */,
			);
			runOnlyForDeploymentPostprocessing = 0;
		};
		10FA3E5B1E2C852E00E15D94 /* Sources */ = {
			isa = PBXSourcesBuildPhase;
			buildActionMask = 2147483647;
			files = (
				10FA3E641E2C852E00E15D94 /* TGWeiboTests.swift in Sources */,
			);
			runOnlyForDeploymentPostprocessing = 0;
		};
		10FA3E661E2C852E00E15D94 /* Sources */ = {
			isa = PBXSourcesBuildPhase;
			buildActionMask = 2147483647;
			files = (
				10FA3E6F1E2C852E00E15D94 /* TGWeiboUITests.swift in Sources */,
			);
			runOnlyForDeploymentPostprocessing = 0;
		};
/* End PBXSourcesBuildPhase section */

/* Begin PBXTargetDependency section */
		10FA3E611E2C852E00E15D94 /* PBXTargetDependency */ = {
			isa = PBXTargetDependency;
			target = 10FA3E4A1E2C852E00E15D94 /* TGWeibo */;
			targetProxy = 10FA3E601E2C852E00E15D94 /* PBXContainerItemProxy */;
		};
		10FA3E6C1E2C852E00E15D94 /* PBXTargetDependency */ = {
			isa = PBXTargetDependency;
			target = 10FA3E4A1E2C852E00E15D94 /* TGWeibo */;
			targetProxy = 10FA3E6B1E2C852E00E15D94 /* PBXContainerItemProxy */;
		};
/* End PBXTargetDependency section */

/* Begin XCBuildConfiguration section */
		10FA3E711E2C852E00E15D94 /* Debug */ = {
			isa = XCBuildConfiguration;
			buildSettings = {
				ALWAYS_SEARCH_USER_PATHS = NO;
				CLANG_ANALYZER_NONNULL = YES;
				CLANG_CXX_LANGUAGE_STANDARD = "gnu++0x";
				CLANG_CXX_LIBRARY = "libc++";
				CLANG_ENABLE_MODULES = YES;
				CLANG_ENABLE_OBJC_ARC = YES;
				CLANG_WARN_BOOL_CONVERSION = YES;
				CLANG_WARN_CONSTANT_CONVERSION = YES;
				CLANG_WARN_DIRECT_OBJC_ISA_USAGE = YES_ERROR;
				CLANG_WARN_EMPTY_BODY = YES;
				CLANG_WARN_ENUM_CONVERSION = YES;
				CLANG_WARN_INT_CONVERSION = YES;
				CLANG_WARN_OBJC_ROOT_CLASS = YES_ERROR;
				CLANG_WARN_UNREACHABLE_CODE = YES;
				CLANG_WARN__DUPLICATE_METHOD_MATCH = YES;
				"CODE_SIGN_IDENTITY[sdk=iphoneos*]" = "iPhone Developer";
				COPY_PHASE_STRIP = NO;
				DEBUG_INFORMATION_FORMAT = dwarf;
				ENABLE_STRICT_OBJC_MSGSEND = YES;
				ENABLE_TESTABILITY = YES;
				GCC_C_LANGUAGE_STANDARD = gnu99;
				GCC_DYNAMIC_NO_PIC = NO;
				GCC_NO_COMMON_BLOCKS = YES;
				GCC_OPTIMIZATION_LEVEL = 0;
				GCC_PREPROCESSOR_DEFINITIONS = (
					"DEBUG=1",
					"$(inherited)",
				);
				GCC_WARN_64_TO_32_BIT_CONVERSION = YES;
				GCC_WARN_ABOUT_RETURN_TYPE = YES_ERROR;
				GCC_WARN_UNDECLARED_SELECTOR = YES;
				GCC_WARN_UNINITIALIZED_AUTOS = YES_AGGRESSIVE;
				GCC_WARN_UNUSED_FUNCTION = YES;
				GCC_WARN_UNUSED_VARIABLE = YES;
				IPHONEOS_DEPLOYMENT_TARGET = 9.3;
				MTL_ENABLE_DEBUG_INFO = YES;
				ONLY_ACTIVE_ARCH = YES;
				SDKROOT = iphoneos;
				SWIFT_OPTIMIZATION_LEVEL = "-Onone";
			};
			name = Debug;
		};
		10FA3E721E2C852E00E15D94 /* Release */ = {
			isa = XCBuildConfiguration;
			buildSettings = {
				ALWAYS_SEARCH_USER_PATHS = NO;
				CLANG_ANALYZER_NONNULL = YES;
				CLANG_CXX_LANGUAGE_STANDARD = "gnu++0x";
				CLANG_CXX_LIBRARY = "libc++";
				CLANG_ENABLE_MODULES = YES;
				CLANG_ENABLE_OBJC_ARC = YES;
				CLANG_WARN_BOOL_CONVERSION = YES;
				CLANG_WARN_CONSTANT_CONVERSION = YES;
				CLANG_WARN_DIRECT_OBJC_ISA_USAGE = YES_ERROR;
				CLANG_WARN_EMPTY_BODY = YES;
				CLANG_WARN_ENUM_CONVERSION = YES;
				CLANG_WARN_INT_CONVERSION = YES;
				CLANG_WARN_OBJC_ROOT_CLASS = YES_ERROR;
				CLANG_WARN_UNREACHABLE_CODE = YES;
				CLANG_WARN__DUPLICATE_METHOD_MATCH = YES;
				"CODE_SIGN_IDENTITY[sdk=iphoneos*]" = "iPhone Developer";
				COPY_PHASE_STRIP = NO;
				DEBUG_INFORMATION_FORMAT = "dwarf-with-dsym";
				ENABLE_NS_ASSERTIONS = NO;
				ENABLE_STRICT_OBJC_MSGSEND = YES;
				GCC_C_LANGUAGE_STANDARD = gnu99;
				GCC_NO_COMMON_BLOCKS = YES;
				GCC_WARN_64_TO_32_BIT_CONVERSION = YES;
				GCC_WARN_ABOUT_RETURN_TYPE = YES_ERROR;
				GCC_WARN_UNDECLARED_SELECTOR = YES;
				GCC_WARN_UNINITIALIZED_AUTOS = YES_AGGRESSIVE;
				GCC_WARN_UNUSED_FUNCTION = YES;
				GCC_WARN_UNUSED_VARIABLE = YES;
				IPHONEOS_DEPLOYMENT_TARGET = 9.3;
				MTL_ENABLE_DEBUG_INFO = NO;
				SDKROOT = iphoneos;
				VALIDATE_PRODUCT = YES;
			};
			name = Release;
		};
		10FA3E741E2C852E00E15D94 /* Debug */ = {
			isa = XCBuildConfiguration;
			baseConfigurationReference = B8B3CB63B53E9E05521B496E /* Pods-TGWeibo.debug.xcconfig */;
			buildSettings = {
				ASSETCATALOG_COMPILER_APPICON_NAME = AppIcon;
				ASSETCATALOG_COMPILER_LAUNCHIMAGE_NAME = LaunchImage;
				INFOPLIST_FILE = TGWeibo/Info.plist;
				IPHONEOS_DEPLOYMENT_TARGET = 8.0;
				LD_RUNPATH_SEARCH_PATHS = "$(inherited) @executable_path/Frameworks";
				PRODUCT_BUNDLE_IDENTIFIER = TG.TGWeibo;
				PRODUCT_NAME = "$(TARGET_NAME)";
			};
			name = Debug;
		};
		10FA3E751E2C852E00E15D94 /* Release */ = {
			isa = XCBuildConfiguration;
			baseConfigurationReference = F58F3DA7B82F36BE0B12A63D /* Pods-TGWeibo.release.xcconfig */;
			buildSettings = {
				ASSETCATALOG_COMPILER_APPICON_NAME = AppIcon;
				ASSETCATALOG_COMPILER_LAUNCHIMAGE_NAME = LaunchImage;
				INFOPLIST_FILE = TGWeibo/Info.plist;
				IPHONEOS_DEPLOYMENT_TARGET = 8.0;
				LD_RUNPATH_SEARCH_PATHS = "$(inherited) @executable_path/Frameworks";
				PRODUCT_BUNDLE_IDENTIFIER = TG.TGWeibo;
				PRODUCT_NAME = "$(TARGET_NAME)";
			};
			name = Release;
		};
		10FA3E771E2C852E00E15D94 /* Debug */ = {
			isa = XCBuildConfiguration;
			buildSettings = {
				BUNDLE_LOADER = "$(TEST_HOST)";
				INFOPLIST_FILE = TGWeiboTests/Info.plist;
				LD_RUNPATH_SEARCH_PATHS = "$(inherited) @executable_path/Frameworks @loader_path/Frameworks";
				PRODUCT_BUNDLE_IDENTIFIER = TG.TGWeiboTests;
				PRODUCT_NAME = "$(TARGET_NAME)";
				TEST_HOST = "$(BUILT_PRODUCTS_DIR)/TGWeibo.app/TGWeibo";
			};
			name = Debug;
		};
		10FA3E781E2C852E00E15D94 /* Release */ = {
			isa = XCBuildConfiguration;
			buildSettings = {
				BUNDLE_LOADER = "$(TEST_HOST)";
				INFOPLIST_FILE = TGWeiboTests/Info.plist;
				LD_RUNPATH_SEARCH_PATHS = "$(inherited) @executable_path/Frameworks @loader_path/Frameworks";
				PRODUCT_BUNDLE_IDENTIFIER = TG.TGWeiboTests;
				PRODUCT_NAME = "$(TARGET_NAME)";
				TEST_HOST = "$(BUILT_PRODUCTS_DIR)/TGWeibo.app/TGWeibo";
			};
			name = Release;
		};
		10FA3E7A1E2C852E00E15D94 /* Debug */ = {
			isa = XCBuildConfiguration;
			buildSettings = {
				INFOPLIST_FILE = TGWeiboUITests/Info.plist;
				LD_RUNPATH_SEARCH_PATHS = "$(inherited) @executable_path/Frameworks @loader_path/Frameworks";
				PRODUCT_BUNDLE_IDENTIFIER = TG.TGWeiboUITests;
				PRODUCT_NAME = "$(TARGET_NAME)";
				TEST_TARGET_NAME = TGWeibo;
			};
			name = Debug;
		};
		10FA3E7B1E2C852E00E15D94 /* Release */ = {
			isa = XCBuildConfiguration;
			buildSettings = {
				INFOPLIST_FILE = TGWeiboUITests/Info.plist;
				LD_RUNPATH_SEARCH_PATHS = "$(inherited) @executable_path/Frameworks @loader_path/Frameworks";
				PRODUCT_BUNDLE_IDENTIFIER = TG.TGWeiboUITests;
				PRODUCT_NAME = "$(TARGET_NAME)";
				TEST_TARGET_NAME = TGWeibo;
			};
			name = Release;
		};
/* End XCBuildConfiguration section */

/* Begin XCConfigurationList section */
		10FA3E461E2C852E00E15D94 /* Build configuration list for PBXProject "TGWeibo" */ = {
			isa = XCConfigurationList;
			buildConfigurations = (
				10FA3E711E2C852E00E15D94 /* Debug */,
				10FA3E721E2C852E00E15D94 /* Release */,
			);
			defaultConfigurationIsVisible = 0;
			defaultConfigurationName = Release;
		};
		10FA3E731E2C852E00E15D94 /* Build configuration list for PBXNativeTarget "TGWeibo" */ = {
			isa = XCConfigurationList;
			buildConfigurations = (
				10FA3E741E2C852E00E15D94 /* Debug */,
				10FA3E751E2C852E00E15D94 /* Release */,
			);
			defaultConfigurationIsVisible = 0;
			defaultConfigurationName = Release;
		};
		10FA3E761E2C852E00E15D94 /* Build configuration list for PBXNativeTarget "TGWeiboTests" */ = {
			isa = XCConfigurationList;
			buildConfigurations = (
				10FA3E771E2C852E00E15D94 /* Debug */,
				10FA3E781E2C852E00E15D94 /* Release */,
			);
			defaultConfigurationIsVisible = 0;
			defaultConfigurationName = Release;
		};
		10FA3E791E2C852E00E15D94 /* Build configuration list for PBXNativeTarget "TGWeiboUITests" */ = {
			isa = XCConfigurationList;
			buildConfigurations = (
				10FA3E7A1E2C852E00E15D94 /* Debug */,
				10FA3E7B1E2C852E00E15D94 /* Release */,
			);
			defaultConfigurationIsVisible = 0;
			defaultConfigurationName = Release;
		};
/* End XCConfigurationList section */
	};
	rootObject = 10FA3E431E2C852E00E15D94 /* Project object */;
}
